github.com/frustra/bbcode v0.0.0-20201127003707-6ef347fbe1c8 h1:sdIsYe6Vv7KIWZWp8KqSeTl+XlF17d+wHCC4lbxFcYs=
github.com/frustra/bbcode v0.0.0-20201127003707-6ef347fbe1c8/go.mod h1:0QBxkXxN+o4FyZgLI9FHY/oUizheze3+bNY/kgCKL+4=
github.com/mattn/go-sqlite3 v1.14.28 h1:ThEiQrnbtumT+QMknw63Befp/ce/nUPgBPMlRFEum7A=
github.com/mattn/go-sqlite3 v1.14.28/go.mod h1:Uh1q+B4BYcTPb+yiD3kU8Ct7aC0hY9fxUwlHK0RXw+Y=
